
Microsoft Visual Studio Solution File, Format Version 12.00
# Visual Studio 15
VisualStudioVersion = 15.0.26124.0
MinimumVisualStudioVersion = 15.0.26124.0
Project("{FAE04EC0-301F-11D3-BF4B-00C04F79EFBC}") = "comms.api", "comms.api\comms.api.csproj", "{7F61DC5B-FD62-4F30-A235-6B1E82387804}"
EndProject
Project("{FAE04EC0-301F-11D3-BF4B-00C04F79EFBC}") = "cookbook.common", "cookbook.common\cookbook.common.csproj", "{1B4D33D6-173E-43F7-AC60-CF62CFA37F7E}"
EndProject
Project("{FAE04EC0-301F-11D3-BF4B-00C04F79EFBC}") = "cookbook.models", "cookbook.models\cookbook.models.csproj", "{22ADA1E0-C05B-41A9-9C21-E700074647F1}"
EndProject
Global
	GlobalSection(SolutionConfigurationPlatforms) = preSolution
		Debug|Any CPU = Debug|Any CPU
		Debug|x64 = Debug|x64
		Debug|x86 = Debug|x86
		Release|Any CPU = Release|Any CPU
		Release|x64 = Release|x64
		Release|x86 = Release|x86
	EndGlobalSection
	GlobalSection(SolutionProperties) = preSolution
		HideSolutionNode = FALSE
	EndGlobalSection
	GlobalSection(ProjectConfigurationPlatforms) = postSolution
		{7F61DC5B-FD62-4F30-A235-6B1E82387804}.Debug|Any CPU.ActiveCfg = Debug|Any CPU
		{7F61DC5B-FD62-4F30-A235-6B1E82387804}.Debug|Any CPU.Build.0 = Debug|Any CPU
		{7F61DC5B-FD62-4F30-A235-6B1E82387804}.Debug|x64.ActiveCfg = Debug|Any CPU
		{7F61DC5B-FD62-4F30-A235-6B1E82387804}.Debug|x64.Build.0 = Debug|Any CPU
		{7F61DC5B-FD62-4F30-A235-6B1E82387804}.Debug|x86.ActiveCfg = Debug|Any CPU
		{7F61DC5B-FD62-4F30-A235-6B1E82387804}.Debug|x86.Build.0 = Debug|Any CPU
		{7F61DC5B-FD62-4F30-A235-6B1E82387804}.Release|Any CPU.ActiveCfg = Release|Any CPU
		{7F61DC5B-FD62-4F30-A235-6B1E82387804}.Release|Any CPU.Build.0 = Release|Any CPU
		{7F61DC5B-FD62-4F30-A235-6B1E82387804}.Release|x64.ActiveCfg = Release|Any CPU
		{7F61DC5B-FD62-4F30-A235-6B1E82387804}.Release|x64.Build.0 = Release|Any CPU
		{7F61DC5B-FD62-4F30-A235-6B1E82387804}.Release|x86.ActiveCfg = Release|Any CPU
		{7F61DC5B-FD62-4F30-A235-6B1E82387804}.Release|x86.Build.0 = Release|Any CPU
		{1B4D33D6-173E-43F7-AC60-CF62CFA37F7E}.Debug|Any CPU.ActiveCfg = Debug|Any CPU
		{1B4D33D6-173E-43F7-AC60-CF62CFA37F7E}.Debug|Any CPU.Build.0 = Debug|Any CPU
		{1B4D33D6-173E-43F7-AC60-CF62CFA37F7E}.Debug|x64.ActiveCfg = Debug|Any CPU
		{1B4D33D6-173E-43F7-AC60-CF62CFA37F7E}.Debug|x64.Build.0 = Debug|Any CPU
		{1B4D33D6-173E-43F7-AC60-CF62CFA37F7E}.Debug|x86.ActiveCfg = Debug|Any CPU
		{1B4D33D6-173E-43F7-AC60-CF62CFA37F7E}.Debug|x86.Build.0 = Debug|Any CPU
		{1B4D33D6-173E-43F7-AC60-CF62CFA37F7E}.Release|Any CPU.ActiveCfg = Release|Any CPU
		{1B4D33D6-173E-43F7-AC60-CF62CFA37F7E}.Release|Any CPU.Build.0 = Release|Any CPU
		{1B4D33D6-173E-43F7-AC60-CF62CFA37F7E}.Release|x64.ActiveCfg = Release|Any CPU
		{1B4D33D6-173E-43F7-AC60-CF62CFA37F7E}.Release|x64.Build.0 = Release|Any CPU
		{1B4D33D6-173E-43F7-AC60-CF62CFA37F7E}.Release|x86.ActiveCfg = Release|Any CPU
		{1B4D33D6-173E-43F7-AC60-CF62CFA37F7E}.Release|x86.Build.0 = Release|Any CPU
		{22ADA1E0-C05B-41A9-9C21-E700074647F1}.Debug|Any CPU.ActiveCfg = Debug|Any CPU
		{22ADA1E0-C05B-41A9-9C21-E700074647F1}.Debug|Any CPU.Build.0 = Debug|Any CPU
		{22ADA1E0-C05B-41A9-9C21-E700074647F1}.Debug|x64.ActiveCfg = Debug|Any CPU
		{22ADA1E0-C05B-41A9-9C21-E700074647F1}.Debug|x64.Build.0 = Debug|Any CPU
		{22ADA1E0-C05B-41A9-9C21-E700074647F1}.Debug|x86.ActiveCfg = Debug|Any CPU
		{22ADA1E0-C05B-41A9-9C21-E700074647F1}.Debug|x86.Build.0 = Debug|Any CPU
		{22ADA1E0-C05B-41A9-9C21-E700074647F1}.Release|Any CPU.ActiveCfg = Release|Any CPU
		{22ADA1E0-C05B-41A9-9C21-E700074647F1}.Release|Any CPU.Build.0 = Release|Any CPU
		{22ADA1E0-C05B-41A9-9C21-E700074647F1}.Release|x64.ActiveCfg = Release|Any CPU
		{22ADA1E0-C05B-41A9-9C21-E700074647F1}.Release|x64.Build.0 = Release|Any CPU
		{22ADA1E0-C05B-41A9-9C21-E700074647F1}.Release|x86.ActiveCfg = Release|Any CPU
		{22ADA1E0-C05B-41A9-9C21-E700074647F1}.Release|x86.Build.0 = Release|Any CPU
	EndGlobalSection
EndGlobal
